
Microsoft Visual Studio Solution File, Format Version 11.00
# Visual Studio 2010
Project("{8BC9CEB8-8B4A-11D0-8D11-00A0C91BC942}") = "mili", "mili.vcxproj", "{9FCEF9B2-0FB7-41EF-9B69-2D12E111D0F1}"
EndProject
Project("{8BC9CEB8-8B4A-11D0-8D11-00A0C91BC942}") = "taurus", "taurus.vcxproj", "{450B037E-D54F-49D6-A4A0-C5ED3D1C3652}"
EndProject
Project("{8BC9CEB8-8B4A-11D0-8D11-00A0C91BC942}") = "MiliReader", "MiliReader\MiliReader.vcxproj", "{63E0E326-7EAA-4712-A4FD-6DD259573057}"
EndProject
Global
	GlobalSection(SolutionConfigurationPlatforms) = preSolution
		Static Debug|Win32 = Static Debug|Win32
		Static Debug|x64 = Static Debug|x64
		Static Release|Win32 = Static Release|Win32
		Static Release|x64 = Static Release|x64
	EndGlobalSection
	GlobalSection(ProjectConfigurationPlatforms) = postSolution
		{9FCEF9B2-0FB7-41EF-9B69-2D12E111D0F1}.Static Debug|Win32.ActiveCfg = Static Debug|Win32
		{9FCEF9B2-0FB7-41EF-9B69-2D12E111D0F1}.Static Debug|Win32.Build.0 = Static Debug|Win32
		{9FCEF9B2-0FB7-41EF-9B69-2D12E111D0F1}.Static Debug|x64.ActiveCfg = Static Debug|x64
		{9FCEF9B2-0FB7-41EF-9B69-2D12E111D0F1}.Static Debug|x64.Build.0 = Static Debug|x64
		{9FCEF9B2-0FB7-41EF-9B69-2D12E111D0F1}.Static Release|Win32.ActiveCfg = Static Release|Win32
		{9FCEF9B2-0FB7-41EF-9B69-2D12E111D0F1}.Static Release|Win32.Build.0 = Static Release|Win32
		{9FCEF9B2-0FB7-41EF-9B69-2D12E111D0F1}.Static Release|x64.ActiveCfg = Static Release|x64
		{9FCEF9B2-0FB7-41EF-9B69-2D12E111D0F1}.Static Release|x64.Build.0 = Static Release|x64
		{450B037E-D54F-49D6-A4A0-C5ED3D1C3652}.Static Debug|Win32.ActiveCfg = Static Debug|Win32
		{450B037E-D54F-49D6-A4A0-C5ED3D1C3652}.Static Debug|Win32.Build.0 = Static Debug|Win32
		{450B037E-D54F-49D6-A4A0-C5ED3D1C3652}.Static Debug|x64.ActiveCfg = Static Debug|x64
		{450B037E-D54F-49D6-A4A0-C5ED3D1C3652}.Static Debug|x64.Build.0 = Static Debug|x64
		{450B037E-D54F-49D6-A4A0-C5ED3D1C3652}.Static Release|Win32.ActiveCfg = Static Release|Win32
		{450B037E-D54F-49D6-A4A0-C5ED3D1C3652}.Static Release|Win32.Build.0 = Static Release|Win32
		{450B037E-D54F-49D6-A4A0-C5ED3D1C3652}.Static Release|x64.ActiveCfg = Static Release|x64
		{450B037E-D54F-49D6-A4A0-C5ED3D1C3652}.Static Release|x64.Build.0 = Static Release|x64
		{63E0E326-7EAA-4712-A4FD-6DD259573057}.Static Debug|Win32.ActiveCfg = Static Debug|Win32
		{63E0E326-7EAA-4712-A4FD-6DD259573057}.Static Debug|Win32.Build.0 = Static Debug|Win32
		{63E0E326-7EAA-4712-A4FD-6DD259573057}.Static Debug|x64.ActiveCfg = Static Debug|x64
		{63E0E326-7EAA-4712-A4FD-6DD259573057}.Static Debug|x64.Build.0 = Static Debug|x64
		{63E0E326-7EAA-4712-A4FD-6DD259573057}.Static Release|Win32.ActiveCfg = Static Release|Win32
		{63E0E326-7EAA-4712-A4FD-6DD259573057}.Static Release|Win32.Build.0 = Static Release|Win32
		{63E0E326-7EAA-4712-A4FD-6DD259573057}.Static Release|x64.ActiveCfg = Static Release|x64
		{63E0E326-7EAA-4712-A4FD-6DD259573057}.Static Release|x64.Build.0 = Static Release|x64
	EndGlobalSection
	GlobalSection(SolutionProperties) = preSolution
		HideSolutionNode = FALSE
	EndGlobalSection
EndGlobal
